
Microsoft Visual Studio Solution File, Format Version 12.00
# Visual Studio Version 16
VisualStudioVersion = 16.0.29709.97
MinimumVisualStudioVersion = 10.0.40219.1
Project("{F2A71F9B-5D33-465A-A702-920D77279786}") = "LexPars", "LexPars\LexPars.fsproj", "{2D95ED55-5249-4E84-8C9E-EB69E0EC8906}"
EndProject
Global
	GlobalSection(SolutionConfigurationPlatforms) = preSolution
		Debug|Any CPU = Debug|Any CPU
		Release|Any CPU = Release|Any CPU
	EndGlobalSection
	GlobalSection(ProjectConfigurationPlatforms) = postSolution
		{2D95ED55-5249-4E84-8C9E-EB69E0EC8906}.Debug|Any CPU.ActiveCfg = Debug|Any CPU
		{2D95ED55-5249-4E84-8C9E-EB69E0EC8906}.Debug|Any CPU.Build.0 = Debug|Any CPU
		{2D95ED55-5249-4E84-8C9E-EB69E0EC8906}.Release|Any CPU.ActiveCfg = Release|Any CPU
		{2D95ED55-5249-4E84-8C9E-EB69E0EC8906}.Release|Any CPU.Build.0 = Release|Any CPU
	EndGlobalSection
	GlobalSection(SolutionProperties) = preSolution
		HideSolutionNode = FALSE
	EndGlobalSection
	GlobalSection(ExtensibilityGlobals) = postSolution
		SolutionGuid = {DCD8FB31-661E-4C34-BBAF-5BC7792A3615}
	EndGlobalSection
EndGlobal
